
Microsoft Visual Studio Solution File, Format Version 12.00
# Visual Studio Version 17
VisualStudioVersion = 17.14.36429.23 d17.14
MinimumVisualStudioVersion = 10.0.40219.1
Project("{FAE04EC0-301F-11D3-BF4B-00C04F79EFBC}") = "Test_store", "Test_store\Test_store.csproj", "{515503C8-F3CC-4CC1-9BD7-CCEEFA298A69}"
EndProject
Global
	GlobalSection(SolutionConfigurationPlatforms) = preSolution
		Debug|Any CPU = Debug|Any CPU
		Release|Any CPU = Release|Any CPU
	EndGlobalSection
	GlobalSection(ProjectConfigurationPlatforms) = postSolution
		{515503C8-F3CC-4CC1-9BD7-CCEEFA298A69}.Debug|Any CPU.ActiveCfg = Debug|Any CPU
		{515503C8-F3CC-4CC1-9BD7-CCEEFA298A69}.Debug|Any CPU.Build.0 = Debug|Any CPU
		{515503C8-F3CC-4CC1-9BD7-CCEEFA298A69}.Release|Any CPU.ActiveCfg = Release|Any CPU
		{515503C8-F3CC-4CC1-9BD7-CCEEFA298A69}.Release|Any CPU.Build.0 = Release|Any CPU
	EndGlobalSection
	GlobalSection(SolutionProperties) = preSolution
		HideSolutionNode = FALSE
	EndGlobalSection
	GlobalSection(ExtensibilityGlobals) = postSolution
		SolutionGuid = {7024AD64-1176-484B-8687-3FF98ED84654}
	EndGlobalSection
EndGlobal
